// !$*UTF8*$!
{
	archiveVersion = 1;
	classes = {
	};
	objectVersion = 46;
	objects = {

/* Begin PBXBuildFile section */
		72182AC2199CE91E003B5E89 /* XWBankListTableViewController.m in Sources */ = {isa = PBXBuildFile; fileRef = 72182AC0199CE91E003B5E89 /* XWBankListTableViewController.m */; };
		72182AC3199CE91E003B5E89 /* XWBankListTableViewController.xib in Resources */ = {isa = PBXBuildFile; fileRef = 72182AC1199CE91E003B5E89 /* XWBankListTableViewController.xib */; };
		7219A2031916486A00A79E2F /* XWSearchProductResultViewController.m in Sources */ = {isa = PBXBuildFile; fileRef = 7219A2011916486A00A79E2F /* XWSearchProductResultViewController.m */; };
		7219A2041916486A00A79E2F /* XWSearchProductResultViewController.xib in Resources */ = {isa = PBXBuildFile; fileRef = 7219A2021916486A00A79E2F /* XWSearchProductResultViewController.xib */; };
		7219A2071916499200A79E2F /* XWSearchResultItem.m in Sources */ = {isa = PBXBuildFile; fileRef = 7219A2061916499200A79E2F /* XWSearchResultItem.m */; };
		72207DCD191722E7004A1F97 /* icon.png in Resources */ = {isa = PBXBuildFile; fileRef = 72207DCC191722E7004A1F97 /* icon.png */; };
		72207DCF19172690004A1F97 /* icon@2x.png in Resources */ = {isa = PBXBuildFile; fileRef = 72207DCE19172690004A1F97 /* icon@2x.png */; };
		72207DD219172E8A004A1F97 /* XWProductDetail.m in Sources */ = {isa = PBXBuildFile; fileRef = 72207DD119172E8A004A1F97 /* XWProductDetail.m */; };
		72207DD619173069004A1F97 /* XWProductDetailViewController.m in Sources */ = {isa = PBXBuildFile; fileRef = 72207DD419173069004A1F97 /* XWProductDetailViewController.m */; };
		72207DD719173069004A1F97 /* XWProductDetailViewController.xib in Resources */ = {isa = PBXBuildFile; fileRef = 72207DD519173069004A1F97 /* XWProductDetailViewController.xib */; };
		72292D0D197A3666008F9BCA /* XWMyinfoTabViewController.m in Sources */ = {isa = PBXBuildFile; fileRef = 72292D0C197A3666008F9BCA /* XWMyinfoTabViewController.m */; };
		722C2B90190D71330019D715 /* XWSearchProductConditonViewController.m in Sources */ = {isa = PBXBuildFile; fileRef = 722C2B8E190D71330019D715 /* XWSearchProductConditonViewController.m */; };
		722C2B91190D71330019D715 /* XWSearchProductConditonViewController.xib in Resources */ = {isa = PBXBuildFile; fileRef = 722C2B8F190D71330019D715 /* XWSearchProductConditonViewController.xib */; };
		722C2B96190EA4CF0019D715 /* PSTextField.m in Sources */ = {isa = PBXBuildFile; fileRef = 722C2B95190EA4CF0019D715 /* PSTextField.m */; };
		722DC7BE196849EA0005F823 /* UnderlineUILabel.m in Sources */ = {isa = PBXBuildFile; fileRef = 722DC7BD196849EA0005F823 /* UnderlineUILabel.m */; };
		7238A363196BE8BB0021ED36 /* XWRegisterTabViewController.m in Sources */ = {isa = PBXBuildFile; fileRef = 7238A362196BE8BB0021ED36 /* XWRegisterTabViewController.m */; };
		7239A5FC190F94AD00F2004E /* XWGuarantSelectViewController.m in Sources */ = {isa = PBXBuildFile; fileRef = 7239A5FA190F94AD00F2004E /* XWGuarantSelectViewController.m */; };
		7239A5FD190F94AD00F2004E /* XWGuarantSelectViewController.xib in Resources */ = {isa = PBXBuildFile; fileRef = 7239A5FB190F94AD00F2004E /* XWGuarantSelectViewController.xib */; };
		7239A601190FA77D00F2004E /* XWGuarantSelection.m in Sources */ = {isa = PBXBuildFile; fileRef = 7239A600190FA77D00F2004E /* XWGuarantSelection.m */; };
		725D187F192109F700B9CE31 /* XWContactBankViewController.m in Sources */ = {isa = PBXBuildFile; fileRef = 725D187D192109F700B9CE31 /* XWContactBankViewController.m */; };
		725D1880192109F700B9CE31 /* XWContactBankViewController.xib in Resources */ = {isa = PBXBuildFile; fileRef = 725D187E192109F700B9CE31 /* XWContactBankViewController.xib */; };
		725D1884192307F500B9CE31 /* XWMyMessageController.m in Sources */ = {isa = PBXBuildFile; fileRef = 725D1882192307F500B9CE31 /* XWMyMessageController.m */; };
		725D1885192307F500B9CE31 /* XWMyMessageController.xib in Resources */ = {isa = PBXBuildFile; fileRef = 725D1883192307F500B9CE31 /* XWMyMessageController.xib */; };
		725D188719230BD200B9CE31 /* XWMessageListItem.m in Sources */ = {isa = PBXBuildFile; fileRef = 725D188619230BD200B9CE31 /* XWMessageListItem.m */; };
		725D189319287F7600B9CE31 /* XWMymessageDetailController.m in Sources */ = {isa = PBXBuildFile; fileRef = 725D189119287F7600B9CE31 /* XWMymessageDetailController.m */; };
		725D189419287F7600B9CE31 /* XWMymessageDetailController.xib in Resources */ = {isa = PBXBuildFile; fileRef = 725D189219287F7600B9CE31 /* XWMymessageDetailController.xib */; };
		72847E31197E3BCC00CAFE39 /* NAMenuItem.m in Sources */ = {isa = PBXBuildFile; fileRef = 72847E2D197E3BCC00CAFE39 /* NAMenuItem.m */; };
		72847E32197E3BCC00CAFE39 /* NAMenuItemView.m in Sources */ = {isa = PBXBuildFile; fileRef = 72847E2F197E3BCC00CAFE39 /* NAMenuItemView.m */; };
		72847E33197E3BCC00CAFE39 /* NAMenuItemView.xib in Resources */ = {isa = PBXBuildFile; fileRef = 72847E30197E3BCC00CAFE39 /* NAMenuItemView.xib */; };
		72847E41197E5F4700CAFE39 /* about.png in Resources */ = {isa = PBXBuildFile; fileRef = 72847E39197E5F4700CAFE39 /* about.png */; };
		72847E42197E5F4700CAFE39 /* favorite.png in Resources */ = {isa = PBXBuildFile; fileRef = 72847E3A197E5F4700CAFE39 /* favorite.png */; };
		72847E43197E5F4700CAFE39 /* info.png in Resources */ = {isa = PBXBuildFile; fileRef = 72847E3B197E5F4700CAFE39 /* info.png */; };
		72847E44197E5F4700CAFE39 /* message.png in Resources */ = {isa = PBXBuildFile; fileRef = 72847E3C197E5F4700CAFE39 /* message.png */; };
		72847E45197E5F4700CAFE39 /* password.png in Resources */ = {isa = PBXBuildFile; fileRef = 72847E3D197E5F4700CAFE39 /* password.png */; };
		72847E46197E5F4700CAFE39 /* query.png in Resources */ = {isa = PBXBuildFile; fileRef = 72847E3E197E5F4700CAFE39 /* query.png */; };
		72847E47197E5F4700CAFE39 /* register.png in Resources */ = {isa = PBXBuildFile; fileRef = 72847E3F197E5F4700CAFE39 /* register.png */; };
		72847E48197E5F4700CAFE39 /* share.png in Resources */ = {isa = PBXBuildFile; fileRef = 72847E40197E5F4700CAFE39 /* share.png */; };
		72847E4C197E5F7200CAFE39 /* btn.png in Resources */ = {isa = PBXBuildFile; fileRef = 72847E49197E5F7200CAFE39 /* btn.png */; };
		72847E4D197E5F7200CAFE39 /* middle-small.png in Resources */ = {isa = PBXBuildFile; fileRef = 72847E4A197E5F7200CAFE39 /* middle-small.png */; };
		72847E4E197E5F7200CAFE39 /* middle.png in Resources */ = {isa = PBXBuildFile; fileRef = 72847E4B197E5F7200CAFE39 /* middle.png */; };
		72847E60197E63AA00CAFE39 /* NAMenuItemViewIP4.xib in Resources */ = {isa = PBXBuildFile; fileRef = 72847E5F197E63AA00CAFE39 /* NAMenuItemViewIP4.xib */; };
		72847E62197E6DDB00CAFE39 /* middle.jpg in Resources */ = {isa = PBXBuildFile; fileRef = 72847E61197E6DDB00CAFE39 /* middle.jpg */; };
		72847E65197E6E4600CAFE39 /* main-message.png in Resources */ = {isa = PBXBuildFile; fileRef = 72847E63197E6E4600CAFE39 /* main-message.png */; };
		72847E66197E6E4600CAFE39 /* usericon.png in Resources */ = {isa = PBXBuildFile; fileRef = 72847E64197E6E4600CAFE39 /* usericon.png */; };
		72847E6E197EB64200CAFE39 /* btn_close_normal.png in Resources */ = {isa = PBXBuildFile; fileRef = 72847E68197EB64200CAFE39 /* btn_close_normal.png */; };
		72847E6F197EB64200CAFE39 /* btn_close_normal@2x.png in Resources */ = {isa = PBXBuildFile; fileRef = 72847E69197EB64200CAFE39 /* btn_close_normal@2x.png */; };
		72847E70197EB64200CAFE39 /* btn_close_selected.png in Resources */ = {isa = PBXBuildFile; fileRef = 72847E6A197EB64200CAFE39 /* btn_close_selected.png */; };
		72847E71197EB64200CAFE39 /* btn_close_selected@2x.png in Resources */ = {isa = PBXBuildFile; fileRef = 72847E6B197EB64200CAFE39 /* btn_close_selected@2x.png */; };
		72847E72197EB64200CAFE39 /* DXAlertView.m in Sources */ = {isa = PBXBuildFile; fileRef = 72847E6D197EB64200CAFE39 /* DXAlertView.m */; };
		72AA4C6C1936255900A0B3FD /* XWChangePasswordViewController.m in Sources */ = {isa = PBXBuildFile; fileRef = 72AA4C6A1936255900A0B3FD /* XWChangePasswordViewController.m */; };
		72AA4C6D1936255900A0B3FD /* XWChangePasswordViewController.xib in Resources */ = {isa = PBXBuildFile; fileRef = 72AA4C6B1936255900A0B3FD /* XWChangePasswordViewController.xib */; };
		72AF64DB1934DDA2004FA986 /* XWSingleSelectionTableViewController.m in Sources */ = {isa = PBXBuildFile; fileRef = 72AF64D91934DDA2004FA986 /* XWSingleSelectionTableViewController.m */; };
		72AF64DC1934DDA2004FA986 /* XWSingleSelectionTableViewController.xib in Resources */ = {isa = PBXBuildFile; fileRef = 72AF64DA1934DDA2004FA986 /* XWSingleSelectionTableViewController.xib */; };
		72AF64E419359317004FA986 /* XWMyfavolistViewController.m in Sources */ = {isa = PBXBuildFile; fileRef = 72AF64E219359317004FA986 /* XWMyfavolistViewController.m */; };
		72AF64E519359317004FA986 /* XWMyfavolistViewController.xib in Resources */ = {isa = PBXBuildFile; fileRef = 72AF64E319359317004FA986 /* XWMyfavolistViewController.xib */; };
		72AF64E91935A2A9004FA986 /* XWAboutViewController.m in Sources */ = {isa = PBXBuildFile; fileRef = 72AF64E71935A2A9004FA986 /* XWAboutViewController.m */; };
		72AF64EA1935A2A9004FA986 /* XWAboutViewController.xib in Resources */ = {isa = PBXBuildFile; fileRef = 72AF64E81935A2A9004FA986 /* XWAboutViewController.xib */; };
		72AF64F11935A55A004FA986 /* XWNewinfoViewController.m in Sources */ = {isa = PBXBuildFile; fileRef = 72AF64EF1935A55A004FA986 /* XWNewinfoViewController.m */; };
		72AF64F21935A55A004FA986 /* XWNewinfoViewController.xib in Resources */ = {isa = PBXBuildFile; fileRef = 72AF64F01935A55A004FA986 /* XWNewinfoViewController.xib */; };
		72B959EB1970F06A00688786 /* XWPersonResiterController.m in Sources */ = {isa = PBXBuildFile; fileRef = 72B959EA1970F06A00688786 /* XWPersonResiterController.m */; };
		72C33FCC19094B4D0070FA26 /* Foundation.framework in Frameworks */ = {isa = PBXBuildFile; fileRef = 72C33FCB19094B4D0070FA26 /* Foundation.framework */; };
		72C33FCE19094B4D0070FA26 /* CoreGraphics.framework in Frameworks */ = {isa = PBXBuildFile; fileRef = 72C33FCD19094B4D0070FA26 /* CoreGraphics.framework */; };
		72C33FD019094B4D0070FA26 /* UIKit.framework in Frameworks */ = {isa = PBXBuildFile; fileRef = 72C33FCF19094B4D0070FA26 /* UIKit.framework */; };
		72C33FD619094B4D0070FA26 /* InfoPlist.strings in Resources */ = {isa = PBXBuildFile; fileRef = 72C33FD419094B4D0070FA26 /* InfoPlist.strings */; };
		72C33FD819094B4D0070FA26 /* main.m in Sources */ = {isa = PBXBuildFile; fileRef = 72C33FD719094B4D0070FA26 /* main.m */; };
		72C33FDC19094B4D0070FA26 /* XWAppDelegate.m in Sources */ = {isa = PBXBuildFile; fileRef = 72C33FDB19094B4D0070FA26 /* XWAppDelegate.m */; };
		72C33FDF19094B4D0070FA26 /* Main.storyboard in Resources */ = {isa = PBXBuildFile; fileRef = 72C33FDD19094B4D0070FA26 /* Main.storyboard */; };
		72C33FE419094B4D0070FA26 /* Images.xcassets in Resources */ = {isa = PBXBuildFile; fileRef = 72C33FE319094B4D0070FA26 /* Images.xcassets */; };
		72C33FEB19094B4D0070FA26 /* XCTest.framework in Frameworks */ = {isa = PBXBuildFile; fileRef = 72C33FEA19094B4D0070FA26 /* XCTest.framework */; };
		72C33FEC19094B4D0070FA26 /* Foundation.framework in Frameworks */ = {isa = PBXBuildFile; fileRef = 72C33FCB19094B4D0070FA26 /* Foundation.framework */; };
		72C33FED19094B4D0070FA26 /* UIKit.framework in Frameworks */ = {isa = PBXBuildFile; fileRef = 72C33FCF19094B4D0070FA26 /* UIKit.framework */; };
		72C33FF519094B4D0070FA26 /* InfoPlist.strings in Resources */ = {isa = PBXBuildFile; fileRef = 72C33FF319094B4D0070FA26 /* InfoPlist.strings */; };
		72C33FF719094B4D0070FA26 /* XiaoWeiTests.m in Sources */ = {isa = PBXBuildFile; fileRef = 72C33FF619094B4D0070FA26 /* XiaoWeiTests.m */; };
		72CA6A69192CEE990041F728 /* XWComanyResiterController.m in Sources */ = {isa = PBXBuildFile; fileRef = 72CA6A67192CEE990041F728 /* XWComanyResiterController.m */; };
		72CA6A6E192D01350041F728 /* XWRegisterController.m in Sources */ = {isa = PBXBuildFile; fileRef = 72CA6A6C192D01350041F728 /* XWRegisterController.m */; };
		72CA6A6F192D01350041F728 /* XWRegisterController.xib in Resources */ = {isa = PBXBuildFile; fileRef = 72CA6A6D192D01350041F728 /* XWRegisterController.xib */; };
		72CFE369197125A000A0E31D /* TOWebViewControllerLocalizable.strings in Resources */ = {isa = PBXBuildFile; fileRef = 72CFE358197125A000A0E31D /* TOWebViewControllerLocalizable.strings */; };
		72CFE36A197125A000A0E31D /* TOActivityChrome.m in Sources */ = {isa = PBXBuildFile; fileRef = 72CFE360197125A000A0E31D /* TOActivityChrome.m */; };
		72CFE36B197125A000A0E31D /* TOActivitySafari.m in Sources */ = {isa = PBXBuildFile; fileRef = 72CFE362197125A000A0E31D /* TOActivitySafari.m */; };
		72CFE36C197125A000A0E31D /* TOWebViewController.m in Sources */ = {isa = PBXBuildFile; fileRef = 72CFE364197125A000A0E31D /* TOWebViewController.m */; };
		72CFE36D197125A000A0E31D /* UIImage+TOWebViewControllerIcons.m in Sources */ = {isa = PBXBuildFile; fileRef = 72CFE366197125A000A0E31D /* UIImage+TOWebViewControllerIcons.m */; };
		72CFE37F1972C4FA00A0E31D /* MainPage.m in Sources */ = {isa = PBXBuildFile; fileRef = 72CFE37E1972C4FA00A0E31D /* MainPage.m */; };
		72CFE3851972DFEB00A0E31D /* XWLoginController.m in Sources */ = {isa = PBXBuildFile; fileRef = 72CFE3831972DFEB00A0E31D /* XWLoginController.m */; };
		72CFE3861972DFEB00A0E31D /* XWLoginController.xib in Resources */ = {isa = PBXBuildFile; fileRef = 72CFE3841972DFEB00A0E31D /* XWLoginController.xib */; };
		72ED153C197FBAA80089B4DC /* bottom-small.png in Resources */ = {isa = PBXBuildFile; fileRef = 72ED153B197FBAA80089B4DC /* bottom-small.png */; };
		72ED153E197FBAC50089B4DC /* bottom.png in Resources */ = {isa = PBXBuildFile; fileRef = 72ED153D197FBAC50089B4DC /* bottom.png */; };
/* End PBXBuildFile section */

/* Begin PBXContainerItemProxy section */
		72C33FEE19094B4D0070FA26 /* PBXContainerItemProxy */ = {
			isa = PBXContainerItemProxy;
			containerPortal = 72C33FC019094B4D0070FA26 /* Project object */;
			proxyType = 1;
			remoteGlobalIDString = 72C33FC719094B4D0070FA26;
			remoteInfo = XiaoWei;
		};
/* End PBXContainerItemProxy section */

/* Begin PBXFileReference section */
		72182ABF199CE91E003B5E89 /* XWBankListTableViewController.h */ = {isa = PBXFileReference; fileEncoding = 4; lastKnownFileType = sourcecode.c.h; path = XWBankListTableViewController.h; sourceTree = "<group>"; };
		72182AC0199CE91E003B5E89 /* XWBankListTableViewController.m */ = {isa = PBXFileReference; fileEncoding = 4; lastKnownFileType = sourcecode.c.objc; path = XWBankListTableViewController.m; sourceTree = "<group>"; };
		72182AC1199CE91E003B5E89 /* XWBankListTableViewController.xib */ = {isa = PBXFileReference; fileEncoding = 4; lastKnownFileType = file.xib; path = XWBankListTableViewController.xib; sourceTree = "<group>"; };
		7219A2001916486A00A79E2F /* XWSearchProductResultViewController.h */ = {isa = PBXFileReference; fileEncoding = 4; lastKnownFileType = sourcecode.c.h; path = XWSearchProductResultViewController.h; sourceTree = "<group>"; };
		7219A2011916486A00A79E2F /* XWSearchProductResultViewController.m */ = {isa = PBXFileReference; fileEncoding = 4; lastKnownFileType = sourcecode.c.objc; path = XWSearchProductResultViewController.m; sourceTree = "<group>"; };
		7219A2021916486A00A79E2F /* XWSearchProductResultViewController.xib */ = {isa = PBXFileReference; fileEncoding = 4; lastKnownFileType = file.xib; path = XWSearchProductResultViewController.xib; sourceTree = "<group>"; };
		7219A2051916499200A79E2F /* XWSearchResultItem.h */ = {isa = PBXFileReference; fileEncoding = 4; lastKnownFileType = sourcecode.c.h; path = XWSearchResultItem.h; sourceTree = "<group>"; };
		7219A2061916499200A79E2F /* XWSearchResultItem.m */ = {isa = PBXFileReference; fileEncoding = 4; lastKnownFileType = sourcecode.c.objc; path = XWSearchResultItem.m; sourceTree = "<group>"; };
		72207DCC191722E7004A1F97 /* icon.png */ = {isa = PBXFileReference; lastKnownFileType = image.png; path = icon.png; sourceTree = "<group>"; };
		72207DCE19172690004A1F97 /* icon@2x.png */ = {isa = PBXFileReference; lastKnownFileType = image.png; path = "icon@2x.png"; sourceTree = "<group>"; };
		72207DD019172E8A004A1F97 /* XWProductDetail.h */ = {isa = PBXFileReference; fileEncoding = 4; lastKnownFileType = sourcecode.c.h; path = XWProductDetail.h; sourceTree = "<group>"; };
		72207DD119172E8A004A1F97 /* XWProductDetail.m */ = {isa = PBXFileReference; fileEncoding = 4; lastKnownFileType = sourcecode.c.objc; path = XWProductDetail.m; sourceTree = "<group>"; };
		72207DD319173068004A1F97 /* XWProductDetailViewController.h */ = {isa = PBXFileReference; fileEncoding = 4; lastKnownFileType = sourcecode.c.h; path = XWProductDetailViewController.h; sourceTree = "<group>"; };
		72207DD419173069004A1F97 /* XWProductDetailViewController.m */ = {isa = PBXFileReference; fileEncoding = 4; lastKnownFileType = sourcecode.c.objc; path = XWProductDetailViewController.m; sourceTree = "<group>"; };
		72207DD519173069004A1F97 /* XWProductDetailViewController.xib */ = {isa = PBXFileReference; fileEncoding = 4; lastKnownFileType = file.xib; path = XWProductDetailViewController.xib; sourceTree = "<group>"; };
		72292D0C197A3666008F9BCA /* XWMyinfoTabViewController.m */ = {isa = PBXFileReference; fileEncoding = 4; lastKnownFileType = sourcecode.c.objc; path = XWMyinfoTabViewController.m; sourceTree = "<group>"; };
		72292D0E197A367A008F9BCA /* XWMyinfoTabViewController.h */ = {isa = PBXFileReference; fileEncoding = 4; lastKnownFileType = sourcecode.c.h; path = XWMyinfoTabViewController.h; sourceTree = "<group>"; };
		722C2B8D190D71330019D715 /* XWSearchProductConditonViewController.h */ = {isa = PBXFileReference; fileEncoding = 4; lastKnownFileType = sourcecode.c.h; path = XWSearchProductConditonViewController.h; sourceTree = "<group>"; };
		722C2B8E190D71330019D715 /* XWSearchProductConditonViewController.m */ = {isa = PBXFileReference; fileEncoding = 4; lastKnownFileType = sourcecode.c.objc; path = XWSearchProductConditonViewController.m; sourceTree = "<group>"; };
		722C2B8F190D71330019D715 /* XWSearchProductConditonViewController.xib */ = {isa = PBXFileReference; fileEncoding = 4; lastKnownFileType = file.xib; path = XWSearchProductConditonViewController.xib; sourceTree = "<group>"; };
		722C2B94190EA4CF0019D715 /* PSTextField.h */ = {isa = PBXFileReference; fileEncoding = 4; lastKnownFileType = sourcecode.c.h; path = PSTextField.h; sourceTree = "<group>"; };
		722C2B95190EA4CF0019D715 /* PSTextField.m */ = {isa = PBXFileReference; fileEncoding = 4; lastKnownFileType = sourcecode.c.objc; path = PSTextField.m; sourceTree = "<group>"; };
		722DC7BC196849EA0005F823 /* UnderlineUILabel.h */ = {isa = PBXFileReference; fileEncoding = 4; lastKnownFileType = sourcecode.c.h; path = UnderlineUILabel.h; sourceTree = "<group>"; };
		722DC7BD196849EA0005F823 /* UnderlineUILabel.m */ = {isa = PBXFileReference; fileEncoding = 4; lastKnownFileType = sourcecode.c.objc; path = UnderlineUILabel.m; sourceTree = "<group>"; };
		7238A361196BE8BB0021ED36 /* XWRegisterTabViewController.h */ = {isa = PBXFileReference; fileEncoding = 4; lastKnownFileType = sourcecode.c.h; path = XWRegisterTabViewController.h; sourceTree = "<group>"; };
		7238A362196BE8BB0021ED36 /* XWRegisterTabViewController.m */ = {isa = PBXFileReference; fileEncoding = 4; lastKnownFileType = sourcecode.c.objc; path = XWRegisterTabViewController.m; sourceTree = "<group>"; };
		7239A5F9190F94AD00F2004E /* XWGuarantSelectViewController.h */ = {isa = PBXFileReference; fileEncoding = 4; lastKnownFileType = sourcecode.c.h; path = XWGuarantSelectViewController.h; sourceTree = "<group>"; };
		7239A5FA190F94AD00F2004E /* XWGuarantSelectViewController.m */ = {isa = PBXFileReference; fileEncoding = 4; lastKnownFileType = sourcecode.c.objc; path = XWGuarantSelectViewController.m; sourceTree = "<group>"; };
		7239A5FB190F94AD00F2004E /* XWGuarantSelectViewController.xib */ = {isa = PBXFileReference; fileEncoding = 4; lastKnownFileType = file.xib; path = XWGuarantSelectViewController.xib; sourceTree = "<group>"; };
		7239A5FF190FA77D00F2004E /* XWGuarantSelection.h */ = {isa = PBXFileReference; fileEncoding = 4; lastKnownFileType = sourcecode.c.h; path = XWGuarantSelection.h; sourceTree = "<group>"; };
		7239A600190FA77D00F2004E /* XWGuarantSelection.m */ = {isa = PBXFileReference; fileEncoding = 4; lastKnownFileType = sourcecode.c.objc; path = XWGuarantSelection.m; sourceTree = "<group>"; };
		725D187C192109F700B9CE31 /* XWContactBankViewController.h */ = {isa = PBXFileReference; fileEncoding = 4; lastKnownFileType = sourcecode.c.h; path = XWContactBankViewController.h; sourceTree = "<group>"; };
		725D187D192109F700B9CE31 /* XWContactBankViewController.m */ = {isa = PBXFileReference; fileEncoding = 4; lastKnownFileType = sourcecode.c.objc; path = XWContactBankViewController.m; sourceTree = "<group>"; };
		725D187E192109F700B9CE31 /* XWContactBankViewController.xib */ = {isa = PBXFileReference; fileEncoding = 4; lastKnownFileType = file.xib; path = XWContactBankViewController.xib; sourceTree = "<group>"; };
		725D1881192307F500B9CE31 /* XWMyMessageController.h */ = {isa = PBXFileReference; fileEncoding = 4; lastKnownFileType = sourcecode.c.h; path = XWMyMessageController.h; sourceTree = "<group>"; };
		725D1882192307F500B9CE31 /* XWMyMessageController.m */ = {isa = PBXFileReference; fileEncoding = 4; lastKnownFileType = sourcecode.c.objc; path = XWMyMessageController.m; sourceTree = "<group>"; };
		725D1883192307F500B9CE31 /* XWMyMessageController.xib */ = {isa = PBXFileReference; fileEncoding = 4; lastKnownFileType = file.xib; path = XWMyMessageController.xib; sourceTree = "<group>"; };
		725D188619230BD200B9CE31 /* XWMessageListItem.m */ = {isa = PBXFileReference; fileEncoding = 4; lastKnownFileType = sourcecode.c.objc; path = XWMessageListItem.m; sourceTree = "<group>"; };
		725D188819230BF200B9CE31 /* XWMessageListItem.h */ = {isa = PBXFileReference; fileEncoding = 4; lastKnownFileType = sourcecode.c.h; path = XWMessageListItem.h; sourceTree = "<group>"; };
		725D189019287F7600B9CE31 /* XWMymessageDetailController.h */ = {isa = PBXFileReference; fileEncoding = 4; lastKnownFileType = sourcecode.c.h; path = XWMymessageDetailController.h; sourceTree = "<group>"; };
		725D189119287F7600B9CE31 /* XWMymessageDetailController.m */ = {isa = PBXFileReference; fileEncoding = 4; lastKnownFileType = sourcecode.c.objc; path = XWMymessageDetailController.m; sourceTree = "<group>"; };
		725D189219287F7600B9CE31 /* XWMymessageDetailController.xib */ = {isa = PBXFileReference; fileEncoding = 4; lastKnownFileType = file.xib; path = XWMymessageDetailController.xib; sourceTree = "<group>"; };
		72847E2C197E3BCC00CAFE39 /* NAMenuItem.h */ = {isa = PBXFileReference; fileEncoding = 4; lastKnownFileType = sourcecode.c.h; name = NAMenuItem.h; path = Menu/NAMenuItem.h; sourceTree = "<group>"; };
		72847E2D197E3BCC00CAFE39 /* NAMenuItem.m */ = {isa = PBXFileReference; fileEncoding = 4; lastKnownFileType = sourcecode.c.objc; name = NAMenuItem.m; path = Menu/NAMenuItem.m; sourceTree = "<group>"; };
		72847E2E197E3BCC00CAFE39 /* NAMenuItemView.h */ = {isa = PBXFileReference; fileEncoding = 4; lastKnownFileType = sourcecode.c.h; name = NAMenuItemView.h; path = Menu/NAMenuItemView.h; sourceTree = "<group>"; };
		72847E2F197E3BCC00CAFE39 /* NAMenuItemView.m */ = {isa = PBXFileReference; fileEncoding = 4; lastKnownFileType = sourcecode.c.objc; name = NAMenuItemView.m; path = Menu/NAMenuItemView.m; sourceTree = "<group>"; };
		72847E30197E3BCC00CAFE39 /* NAMenuItemView.xib */ = {isa = PBXFileReference; fileEncoding = 4; lastKnownFileType = file.xib; name = NAMenuItemView.xib; path = Menu/NAMenuItemView.xib; sourceTree = "<group>"; };
		72847E39197E5F4700CAFE39 /* about.png */ = {isa = PBXFileReference; lastKnownFileType = image.png; name = about.png; path = image/about.png; sourceTree = "<group>"; };
		72847E3A197E5F4700CAFE39 /* favorite.png */ = {isa = PBXFileReference; lastKnownFileType = image.png; name = favorite.png; path = image/favorite.png; sourceTree = "<group>"; };
		72847E3B197E5F4700CAFE39 /* info.png */ = {isa = PBXFileReference; lastKnownFileType = image.png; name = info.png; path = image/info.png; sourceTree = "<group>"; };
		72847E3C197E5F4700CAFE39 /* message.png */ = {isa = PBXFileReference; lastKnownFileType = image.png; name = message.png; path = image/message.png; sourceTree = "<group>"; };
		72847E3D197E5F4700CAFE39 /* password.png */ = {isa = PBXFileReference; lastKnownFileType = image.png; name = password.png; path = image/password.png; sourceTree = "<group>"; };
		72847E3E197E5F4700CAFE39 /* query.png */ = {isa = PBXFileReference; lastKnownFileType = image.png; name = query.png; path = image/query.png; sourceTree = "<group>"; };
		72847E3F197E5F4700CAFE39 /* register.png */ = {isa = PBXFileReference; lastKnownFileType = image.png; name = register.png; path = image/register.png; sourceTree = "<group>"; };
		72847E40197E5F4700CAFE39 /* share.png */ = {isa = PBXFileReference; lastKnownFileType = image.png; name = share.png; path = image/share.png; sourceTree = "<group>"; };
		72847E49197E5F7200CAFE39 /* btn.png */ = {isa = PBXFileReference; lastKnownFileType = image.png; name = btn.png; path = image/btn.png; sourceTree = "<group>"; };
		72847E4A197E5F7200CAFE39 /* middle-small.png */ = {isa = PBXFileReference; lastKnownFileType = image.png; name = "middle-small.png"; path = "image/middle-small.png"; sourceTree = "<group>"; };
		72847E4B197E5F7200CAFE39 /* middle.png */ = {isa = PBXFileReference; lastKnownFileType = image.png; name = middle.png; path = image/middle.png; sourceTree = "<group>"; };
		72847E5F197E63AA00CAFE39 /* NAMenuItemViewIP4.xib */ = {isa = PBXFileReference; fileEncoding = 4; lastKnownFileType = file.xib; name = NAMenuItemViewIP4.xib; path = Menu/NAMenuItemViewIP4.xib; sourceTree = "<group>"; };
		72847E61197E6DDB00CAFE39 /* middle.jpg */ = {isa = PBXFileReference; lastKnownFileType = image.jpeg; name = middle.jpg; path = image/middle.jpg; sourceTree = "<group>"; };
		72847E63197E6E4600CAFE39 /* main-message.png */ = {isa = PBXFileReference; lastKnownFileType = image.png; name = "main-message.png"; path = "image/main-message.png"; sourceTree = "<group>"; };
		72847E64197E6E4600CAFE39 /* usericon.png */ = {isa = PBXFileReference; lastKnownFileType = image.png; name = usericon.png; path = image/usericon.png; sourceTree = "<group>"; };
		72847E68197EB64200CAFE39 /* btn_close_normal.png */ = {isa = PBXFileReference; lastKnownFileType = image.png; path = btn_close_normal.png; sourceTree = "<group>"; };
		72847E69197EB64200CAFE39 /* btn_close_normal@2x.png */ = {isa = PBXFileReference; lastKnownFileType = image.png; path = "btn_close_normal@2x.png"; sourceTree = "<group>"; };
		72847E6A197EB64200CAFE39 /* btn_close_selected.png */ = {isa = PBXFileReference; lastKnownFileType = image.png; path = btn_close_selected.png; sourceTree = "<group>"; };
		72847E6B197EB64200CAFE39 /* btn_close_selected@2x.png */ = {isa = PBXFileReference; lastKnownFileType = image.png; path = "btn_close_selected@2x.png"; sourceTree = "<group>"; };
		72847E6C197EB64200CAFE39 /* DXAlertView.h */ = {isa = PBXFileReference; fileEncoding = 4; lastKnownFileType = sourcecode.c.h; path = DXAlertView.h; sourceTree = "<group>"; };
		72847E6D197EB64200CAFE39 /* DXAlertView.m */ = {isa = PBXFileReference; fileEncoding = 4; lastKnownFileType = sourcecode.c.objc; path = DXAlertView.m; sourceTree = "<group>"; };
		72AA4C691936255900A0B3FD /* XWChangePasswordViewController.h */ = {isa = PBXFileReference; fileEncoding = 4; lastKnownFileType = sourcecode.c.h; path = XWChangePasswordViewController.h; sourceTree = "<group>"; };
		72AA4C6A1936255900A0B3FD /* XWChangePasswordViewController.m */ = {isa = PBXFileReference; fileEncoding = 4; lastKnownFileType = sourcecode.c.objc; path = XWChangePasswordViewController.m; sourceTree = "<group>"; };
		72AA4C6B1936255900A0B3FD /* XWChangePasswordViewController.xib */ = {isa = PBXFileReference; fileEncoding = 4; lastKnownFileType = file.xib; path = XWChangePasswordViewController.xib; sourceTree = "<group>"; };
		72AF64D81934DDA2004FA986 /* XWSingleSelectionTableViewController.h */ = {isa = PBXFileReference; fileEncoding = 4; lastKnownFileType = sourcecode.c.h; path = XWSingleSelectionTableViewController.h; sourceTree = "<group>"; };
		72AF64D91934DDA2004FA986 /* XWSingleSelectionTableViewController.m */ = {isa = PBXFileReference; fileEncoding = 4; lastKnownFileType = sourcecode.c.objc; path = XWSingleSelectionTableViewController.m; sourceTree = "<group>"; };
		72AF64DA1934DDA2004FA986 /* XWSingleSelectionTableViewController.xib */ = {isa = PBXFileReference; fileEncoding = 4; lastKnownFileType = file.xib; path = XWSingleSelectionTableViewController.xib; sourceTree = "<group>"; };
		72AF64E119359317004FA986 /* XWMyfavolistViewController.h */ = {isa = PBXFileReference; fileEncoding = 4; lastKnownFileType = sourcecode.c.h; path = XWMyfavolistViewController.h; sourceTree = "<group>"; };
		72AF64E219359317004FA986 /* XWMyfavolistViewController.m */ = {isa = PBXFileReference; fileEncoding = 4; lastKnownFileType = sourcecode.c.objc; path = XWMyfavolistViewController.m; sourceTree = "<group>"; };
		72AF64E319359317004FA986 /* XWMyfavolistViewController.xib */ = {isa = PBXFileReference; fileEncoding = 4; lastKnownFileType = file.xib; path = XWMyfavolistViewController.xib; sourceTree = "<group>"; };
		72AF64E61935A2A9004FA986 /* XWAboutViewController.h */ = {isa = PBXFileReference; fileEncoding = 4; lastKnownFileType = sourcecode.c.h; path = XWAboutViewController.h; sourceTree = "<group>"; };
		72AF64E71935A2A9004FA986 /* XWAboutViewController.m */ = {isa = PBXFileReference; fileEncoding = 4; lastKnownFileType = sourcecode.c.objc; path = XWAboutViewController.m; sourceTree = "<group>"; };
		72AF64E81935A2A9004FA986 /* XWAboutViewController.xib */ = {isa = PBXFileReference; fileEncoding = 4; lastKnownFileType = file.xib; path = XWAboutViewController.xib; sourceTree = "<group>"; };
		72AF64EE1935A55A004FA986 /* XWNewinfoViewController.h */ = {isa = PBXFileReference; fileEncoding = 4; lastKnownFileType = sourcecode.c.h; path = XWNewinfoViewController.h; sourceTree = "<group>"; };
		72AF64EF1935A55A004FA986 /* XWNewinfoViewController.m */ = {isa = PBXFileReference; fileEncoding = 4; lastKnownFileType = sourcecode.c.objc; path = XWNewinfoViewController.m; sourceTree = "<group>"; };
		72AF64F01935A55A004FA986 /* XWNewinfoViewController.xib */ = {isa = PBXFileReference; fileEncoding = 4; lastKnownFileType = file.xib; path = XWNewinfoViewController.xib; sourceTree = "<group>"; };
		72B959E91970F06200688786 /* XWPersonResiterController.h */ = {isa = PBXFileReference; fileEncoding = 4; lastKnownFileType = sourcecode.c.h; path = XWPersonResiterController.h; sourceTree = "<group>"; };
		72B959EA1970F06A00688786 /* XWPersonResiterController.m */ = {isa = PBXFileReference; fileEncoding = 4; lastKnownFileType = sourcecode.c.objc; path = XWPersonResiterController.m; sourceTree = "<group>"; };
		72C33FC819094B4D0070FA26 /* 小微信贷.app */ = {isa = PBXFileReference; explicitFileType = wrapper.application; includeInIndex = 0; path = "小微信贷.app"; sourceTree = BUILT_PRODUCTS_DIR; };
		72C33FCB19094B4D0070FA26 /* Foundation.framework */ = {isa = PBXFileReference; lastKnownFileType = wrapper.framework; name = Foundation.framework; path = System/Library/Frameworks/Foundation.framework; sourceTree = SDKROOT; };
		72C33FCD19094B4D0070FA26 /* CoreGraphics.framework */ = {isa = PBXFileReference; lastKnownFileType = wrapper.framework; name = CoreGraphics.framework; path = System/Library/Frameworks/CoreGraphics.framework; sourceTree = SDKROOT; };
		72C33FCF19094B4D0070FA26 /* UIKit.framework */ = {isa = PBXFileReference; lastKnownFileType = wrapper.framework; name = UIKit.framework; path = System/Library/Frameworks/UIKit.framework; sourceTree = SDKROOT; };
		72C33FD319094B4D0070FA26 /* XiaoWei-Info.plist */ = {isa = PBXFileReference; lastKnownFileType = text.plist.xml; path = "XiaoWei-Info.plist"; sourceTree = "<group>"; };
		72C33FD519094B4D0070FA26 /* en */ = {isa = PBXFileReference; lastKnownFileType = text.plist.strings; name = en; path = en.lproj/InfoPlist.strings; sourceTree = "<group>"; };
		72C33FD719094B4D0070FA26 /* main.m */ = {isa = PBXFileReference; lastKnownFileType = sourcecode.c.objc; path = main.m; sourceTree = "<group>"; };
		72C33FD919094B4D0070FA26 /* XiaoWei-Prefix.pch */ = {isa = PBXFileReference; lastKnownFileType = sourcecode.c.h; path = "XiaoWei-Prefix.pch"; sourceTree = "<group>"; };
		72C33FDA19094B4D0070FA26 /* XWAppDelegate.h */ = {isa = PBXFileReference; lastKnownFileType = sourcecode.c.h; path = XWAppDelegate.h; sourceTree = "<group>"; };
		72C33FDB19094B4D0070FA26 /* XWAppDelegate.m */ = {isa = PBXFileReference; lastKnownFileType = sourcecode.c.objc; path = XWAppDelegate.m; sourceTree = "<group>"; };
		72C33FDE19094B4D0070FA26 /* Base */ = {isa = PBXFileReference; lastKnownFileType = file.storyboard; name = Base; path = Base.lproj/Main.storyboard; sourceTree = "<group>"; };
		72C33FE319094B4D0070FA26 /* Images.xcassets */ = {isa = PBXFileReference; lastKnownFileType = folder.assetcatalog; path = Images.xcassets; sourceTree = "<group>"; };
		72C33FE919094B4D0070FA26 /* XiaoWeiTests.xctest */ = {isa = PBXFileReference; explicitFileType = wrapper.cfbundle; includeInIndex = 0; path = XiaoWeiTests.xctest; sourceTree = BUILT_PRODUCTS_DIR; };
		72C33FEA19094B4D0070FA26 /* XCTest.framework */ = {isa = PBXFileReference; lastKnownFileType = wrapper.framework; name = XCTest.framework; path = Library/Frameworks/XCTest.framework; sourceTree = DEVELOPER_DIR; };
		72C33FF219094B4D0070FA26 /* XiaoWeiTests-Info.plist */ = {isa = PBXFileReference; lastKnownFileType = text.plist.xml; path = "XiaoWeiTests-Info.plist"; sourceTree = "<group>"; };
		72C33FF419094B4D0070FA26 /* en */ = {isa = PBXFileReference; lastKnownFileType = text.plist.strings; name = en; path = en.lproj/InfoPlist.strings; sourceTree = "<group>"; };
		72C33FF619094B4D0070FA26 /* XiaoWeiTests.m */ = {isa = PBXFileReference; lastKnownFileType = sourcecode.c.objc; path = XiaoWeiTests.m; sourceTree = "<group>"; };
		72CA6A66192CEE990041F728 /* XWComanyResiterController.h */ = {isa = PBXFileReference; fileEncoding = 4; lastKnownFileType = sourcecode.c.h; path = XWComanyResiterController.h; sourceTree = "<group>"; };
		72CA6A67192CEE990041F728 /* XWComanyResiterController.m */ = {isa = PBXFileReference; fileEncoding = 4; lastKnownFileType = sourcecode.c.objc; path = XWComanyResiterController.m; sourceTree = "<group>"; };
		72CA6A6B192D01350041F728 /* XWRegisterController.h */ = {isa = PBXFileReference; fileEncoding = 4; lastKnownFileType = sourcecode.c.h; name = XWRegisterController.h; path = XiaoWei/XWRegisterController.h; sourceTree = "<group>"; };
		72CA6A6C192D01350041F728 /* XWRegisterController.m */ = {isa = PBXFileReference; fileEncoding = 4; lastKnownFileType = sourcecode.c.objc; name = XWRegisterController.m; path = XiaoWei/XWRegisterController.m; sourceTree = "<group>"; };
		72CA6A6D192D01350041F728 /* XWRegisterController.xib */ = {isa = PBXFileReference; fileEncoding = 4; lastKnownFileType = file.xib; name = XWRegisterController.xib; path = XiaoWei/XWRegisterController.xib; sourceTree = "<group>"; };
		72CFE359197125A000A0E31D /* de */ = {isa = PBXFileReference; lastKnownFileType = text.plist.strings; name = de; path = de.lproj/TOWebViewControllerLocalizable.strings; sourceTree = "<group>"; };
		72CFE35A197125A000A0E31D /* en */ = {isa = PBXFileReference; lastKnownFileType = text.plist.strings; name = en; path = en.lproj/TOWebViewControllerLocalizable.strings; sourceTree = "<group>"; };
		72CFE35B197125A000A0E31D /* es */ = {isa = PBXFileReference; lastKnownFileType = text.plist.strings; name = es; path = es.lproj/TOWebViewControllerLocalizable.strings; sourceTree = "<group>"; };
		72CFE35C197125A000A0E31D /* ja */ = {isa = PBXFileReference; lastKnownFileType = text.plist.strings; name = ja; path = ja.lproj/TOWebViewControllerLocalizable.strings; sourceTree = "<group>"; };
		72CFE35D197125A000A0E31D /* ko */ = {isa = PBXFileReference; lastKnownFileType = text.plist.strings; name = ko; path = ko.lproj/TOWebViewControllerLocalizable.strings; sourceTree = "<group>"; };
		72CFE35E197125A000A0E31D /* pl */ = {isa = PBXFileReference; lastKnownFileType = text.plist.strings; name = pl; path = pl.lproj/TOWebViewControllerLocalizable.strings; sourceTree = "<group>"; };
		72CFE35F197125A000A0E31D /* TOActivityChrome.h */ = {isa = PBXFileReference; fileEncoding = 4; lastKnownFileType = sourcecode.c.h; path = TOActivityChrome.h; sourceTree = "<group>"; };
		72CFE360197125A000A0E31D /* TOActivityChrome.m */ = {isa = PBXFileReference; fileEncoding = 4; lastKnownFileType = sourcecode.c.objc; path = TOActivityChrome.m; sourceTree = "<group>"; };
		72CFE361197125A000A0E31D /* TOActivitySafari.h */ = {isa = PBXFileReference; fileEncoding = 4; lastKnownFileType = sourcecode.c.h; path = TOActivitySafari.h; sourceTree = "<group>"; };
		72CFE362197125A000A0E31D /* TOActivitySafari.m */ = {isa = PBXFileReference; fileEncoding = 4; lastKnownFileType = sourcecode.c.objc; path = TOActivitySafari.m; sourceTree = "<group>"; };
		72CFE363197125A000A0E31D /* TOWebViewController.h */ = {isa = PBXFileReference; fileEncoding = 4; lastKnownFileType = sourcecode.c.h; path = TOWebViewController.h; sourceTree = "<group>"; };
		72CFE364197125A000A0E31D /* TOWebViewController.m */ = {isa = PBXFileReference; fileEncoding = 4; lastKnownFileType = sourcecode.c.objc; path = TOWebViewController.m; sourceTree = "<group>"; };
		72CFE365197125A000A0E31D /* UIImage+TOWebViewControllerIcons.h */ = {isa = PBXFileReference; fileEncoding = 4; lastKnownFileType = sourcecode.c.h; path = "UIImage+TOWebViewControllerIcons.h"; sourceTree = "<group>"; };
		72CFE366197125A000A0E31D /* UIImage+TOWebViewControllerIcons.m */ = {isa = PBXFileReference; fileEncoding = 4; lastKnownFileType = sourcecode.c.objc; path = "UIImage+TOWebViewControllerIcons.m"; sourceTree = "<group>"; };
		72CFE367197125A000A0E31D /* zh-Hans */ = {isa = PBXFileReference; lastKnownFileType = text.plist.strings; name = "zh-Hans"; path = "zh-Hans.lproj/TOWebViewControllerLocalizable.strings"; sourceTree = "<group>"; };
		72CFE368197125A000A0E31D /* zh-Hant */ = {isa = PBXFileReference; lastKnownFileType = text.plist.strings; name = "zh-Hant"; path = "zh-Hant.lproj/TOWebViewControllerLocalizable.strings"; sourceTree = "<group>"; };
		72CFE37D1972C4F200A0E31D /* MainPage.h */ = {isa = PBXFileReference; fileEncoding = 4; lastKnownFileType = sourcecode.c.h; path = MainPage.h; sourceTree = "<group>"; };
		72CFE37E1972C4FA00A0E31D /* MainPage.m */ = {isa = PBXFileReference; fileEncoding = 4; lastKnownFileType = sourcecode.c.objc; path = MainPage.m; sourceTree = "<group>"; };
		72CFE3821972DFEB00A0E31D /* XWLoginController.h */ = {isa = PBXFileReference; fileEncoding = 4; lastKnownFileType = sourcecode.c.h; path = XWLoginController.h; sourceTree = "<group>"; };
		72CFE3831972DFEB00A0E31D /* XWLoginController.m */ = {isa = PBXFileReference; fileEncoding = 4; lastKnownFileType = sourcecode.c.objc; path = XWLoginController.m; sourceTree = "<group>"; };
		72CFE3841972DFEB00A0E31D /* XWLoginController.xib */ = {isa = PBXFileReference; fileEncoding = 4; lastKnownFileType = file.xib; path = XWLoginController.xib; sourceTree = "<group>"; };
		72ED153B197FBAA80089B4DC /* bottom-small.png */ = {isa = PBXFileReference; lastKnownFileType = image.png; name = "bottom-small.png"; path = "image/bottom-small.png"; sourceTree = "<group>"; };
		72ED153D197FBAC50089B4DC /* bottom.png */ = {isa = PBXFileReference; lastKnownFileType = image.png; name = bottom.png; path = image/bottom.png; sourceTree = "<group>"; };
/* End PBXFileReference section */

/* Begin PBXFrameworksBuildPhase section */
		72C33FC519094B4D0070FA26 /* Frameworks */ = {
			isa = PBXFrameworksBuildPhase;
			buildActionMask = 2147483647;
			files = (
				72C33FCE19094B4D0070FA26 /* CoreGraphics.framework in Frameworks */,
				72C33FD019094B4D0070FA26 /* UIKit.framework in Frameworks */,
				72C33FCC19094B4D0070FA26 /* Foundation.framework in Frameworks */,
			);
			runOnlyForDeploymentPostprocessing = 0;
		};
		72C33FE619094B4D0070FA26 /* Frameworks */ = {
			isa = PBXFrameworksBuildPhase;
			buildActionMask = 2147483647;
			files = (
				72C33FEB19094B4D0070FA26 /* XCTest.framework in Frameworks */,
				72C33FED19094B4D0070FA26 /* UIKit.framework in Frameworks */,
				72C33FEC19094B4D0070FA26 /* Foundation.framework in Frameworks */,
			);
			runOnlyForDeploymentPostprocessing = 0;
		};
/* End PBXFrameworksBuildPhase section */

/* Begin PBXGroup section */
		7225B9B919650A5F0050D633 /* Mymessage */ = {
			isa = PBXGroup;
			children = (
				725D1881192307F500B9CE31 /* XWMyMessageController.h */,
				725D1882192307F500B9CE31 /* XWMyMessageController.m */,
				725D1883192307F500B9CE31 /* XWMyMessageController.xib */,
				725D189019287F7600B9CE31 /* XWMymessageDetailController.h */,
				725D189119287F7600B9CE31 /* XWMymessageDetailController.m */,
				725D189219287F7600B9CE31 /* XWMymessageDetailController.xib */,
				725D188819230BF200B9CE31 /* XWMessageListItem.h */,
				725D188619230BD200B9CE31 /* XWMessageListItem.m */,
			);
			name = Mymessage;
			sourceTree = "<group>";
		};
		7225B9BA19650A860050D633 /* PublicNews */ = {
			isa = PBXGroup;
			children = (
				72AF64EE1935A55A004FA986 /* XWNewinfoViewController.h */,
				72AF64EF1935A55A004FA986 /* XWNewinfoViewController.m */,
				72AF64F01935A55A004FA986 /* XWNewinfoViewController.xib */,
			);
			name = PublicNews;
			sourceTree = "<group>";
		};
		7225B9BB196523220050D633 /* Favourite */ = {
			isa = PBXGroup;
			children = (
				72AF64E319359317004FA986 /* XWMyfavolistViewController.xib */,
				72AF64E119359317004FA986 /* XWMyfavolistViewController.h */,
				72AF64E219359317004FA986 /* XWMyfavolistViewController.m */,
			);
			name = Favourite;
			sourceTree = "<group>";
		};
		7225B9BC1965390A0050D633 /* ContactBank */ = {
			isa = PBXGroup;
			children = (
				725D187C192109F700B9CE31 /* XWContactBankViewController.h */,
				725D187D192109F700B9CE31 /* XWContactBankViewController.m */,
				725D187E192109F700B9CE31 /* XWContactBankViewController.xib */,
			);
			name = ContactBank;
			sourceTree = "<group>";
		};
		7225B9BD1965391F0050D633 /* About */ = {
			isa = PBXGroup;
			children = (
				72AF64E61935A2A9004FA986 /* XWAboutViewController.h */,
				72AF64E71935A2A9004FA986 /* XWAboutViewController.m */,
				72AF64E81935A2A9004FA986 /* XWAboutViewController.xib */,
			);
			name = About;
			sourceTree = "<group>";
		};
		7225B9BE196539240050D633 /* Register */ = {
			isa = PBXGroup;
			children = (
				7238A361196BE8BB0021ED36 /* XWRegisterTabViewController.h */,
				7238A362196BE8BB0021ED36 /* XWRegisterTabViewController.m */,
				72292D0E197A367A008F9BCA /* XWMyinfoTabViewController.h */,
				72292D0C197A3666008F9BCA /* XWMyinfoTabViewController.m */,
				72CA6A6B192D01350041F728 /* XWRegisterController.h */,
				72CA6A6C192D01350041F728 /* XWRegisterController.m */,
				72CA6A6D192D01350041F728 /* XWRegisterController.xib */,
				72CA6A66192CEE990041F728 /* XWComanyResiterController.h */,
				72CA6A67192CEE990041F728 /* XWComanyResiterController.m */,
				72B959E91970F06200688786 /* XWPersonResiterController.h */,
				72B959EA1970F06A00688786 /* XWPersonResiterController.m */,
				72CFE3821972DFEB00A0E31D /* XWLoginController.h */,
				72CFE3831972DFEB00A0E31D /* XWLoginController.m */,
				72CFE3841972DFEB00A0E31D /* XWLoginController.xib */,
			);
			name = Register;
			sourceTree = "<group>";
		};
		7225B9BF196539310050D633 /* Changepassword */ = {
			isa = PBXGroup;
			children = (
				72AA4C691936255900A0B3FD /* XWChangePasswordViewController.h */,
				72AA4C6A1936255900A0B3FD /* XWChangePasswordViewController.m */,
				72AA4C6B1936255900A0B3FD /* XWChangePasswordViewController.xib */,
			);
			name = Changepassword;
			sourceTree = "<group>";
		};
		725D18891923279200B9CE31 /* Tools */ = {
			isa = PBXGroup;
			children = (
				72847E67197EB64200CAFE39 /* Vendor */,
				72847E34197E3BEA00CAFE39 /* Menu */,
				722C2B94190EA4CF0019D715 /* PSTextField.h */,
				722C2B95190EA4CF0019D715 /* PSTextField.m */,
				722DC7BC196849EA0005F823 /* UnderlineUILabel.h */,
				722DC7BD196849EA0005F823 /* UnderlineUILabel.m */,
				72CFE357197125A000A0E31D /* TOWebViewController */,
			);
			name = Tools;
			sourceTree = "<group>";
		};
		72847E34197E3BEA00CAFE39 /* Menu */ = {
			isa = PBXGroup;
			children = (
				72847E2C197E3BCC00CAFE39 /* NAMenuItem.h */,
				72847E2D197E3BCC00CAFE39 /* NAMenuItem.m */,
				72847E2E197E3BCC00CAFE39 /* NAMenuItemView.h */,
				72847E2F197E3BCC00CAFE39 /* NAMenuItemView.m */,
				72847E30197E3BCC00CAFE39 /* NAMenuItemView.xib */,
				72847E5F197E63AA00CAFE39 /* NAMenuItemViewIP4.xib */,
			);
			name = Menu;
			sourceTree = "<group>";
		};
		72847E67197EB64200CAFE39 /* Vendor */ = {
			isa = PBXGroup;
			children = (
				72847E68197EB64200CAFE39 /* btn_close_normal.png */,
				72847E69197EB64200CAFE39 /* btn_close_normal@2x.png */,
				72847E6A197EB64200CAFE39 /* btn_close_selected.png */,
				72847E6B197EB64200CAFE39 /* btn_close_selected@2x.png */,
				72847E6C197EB64200CAFE39 /* DXAlertView.h */,
				72847E6D197EB64200CAFE39 /* DXAlertView.m */,
			);
			name = Vendor;
			path = "../../../../Downloads/DXAlertView-master/Vendor";
			sourceTree = "<group>";
		};
		72AF64D21934DA76004FA986 /* ProductSearch */ = {
			isa = PBXGroup;
			children = (
				7219A2001916486A00A79E2F /* XWSearchProductResultViewController.h */,
				7219A2011916486A00A79E2F /* XWSearchProductResultViewController.m */,
				7219A2021916486A00A79E2F /* XWSearchProductResultViewController.xib */,
				7219A2051916499200A79E2F /* XWSearchResultItem.h */,
				7219A2061916499200A79E2F /* XWSearchResultItem.m */,
				7239A5FF190FA77D00F2004E /* XWGuarantSelection.h */,
				7239A600190FA77D00F2004E /* XWGuarantSelection.m */,
				7239A5F9190F94AD00F2004E /* XWGuarantSelectViewController.h */,
				7239A5FA190F94AD00F2004E /* XWGuarantSelectViewController.m */,
				7239A5FB190F94AD00F2004E /* XWGuarantSelectViewController.xib */,
				72AF64D81934DDA2004FA986 /* XWSingleSelectionTableViewController.h */,
				72AF64D91934DDA2004FA986 /* XWSingleSelectionTableViewController.m */,
				72AF64DA1934DDA2004FA986 /* XWSingleSelectionTableViewController.xib */,
				722C2B8D190D71330019D715 /* XWSearchProductConditonViewController.h */,
				722C2B8E190D71330019D715 /* XWSearchProductConditonViewController.m */,
				722C2B8F190D71330019D715 /* XWSearchProductConditonViewController.xib */,
				72207DD019172E8A004A1F97 /* XWProductDetail.h */,
				72207DD119172E8A004A1F97 /* XWProductDetail.m */,
				72207DD319173068004A1F97 /* XWProductDetailViewController.h */,
				72207DD419173069004A1F97 /* XWProductDetailViewController.m */,
				72207DD519173069004A1F97 /* XWProductDetailViewController.xib */,
				72182ABF199CE91E003B5E89 /* XWBankListTableViewController.h */,
				72182AC0199CE91E003B5E89 /* XWBankListTableViewController.m */,
				72182AC1199CE91E003B5E89 /* XWBankListTableViewController.xib */,
			);
			name = ProductSearch;
			sourceTree = "<group>";
		};
		72C33FBF19094B4D0070FA26 = {
			isa = PBXGroup;
			children = (
				72C33FD119094B4D0070FA26 /* XiaoWei */,
				7225B9BC1965390A0050D633 /* ContactBank */,
				7225B9BF196539310050D633 /* Changepassword */,
				7225B9BE196539240050D633 /* Register */,
				7225B9BD1965391F0050D633 /* About */,
				7225B9BB196523220050D633 /* Favourite */,
				7225B9BA19650A860050D633 /* PublicNews */,
				7225B9B919650A5F0050D633 /* Mymessage */,
				72AF64D21934DA76004FA986 /* ProductSearch */,
				725D18891923279200B9CE31 /* Tools */,
				72C3402A190964D80070FA26 /* Resources */,
				72C33FF019094B4D0070FA26 /* XiaoWeiTests */,
				72C33FCA19094B4D0070FA26 /* Frameworks */,
				72C33FC919094B4D0070FA26 /* Products */,
				72C33FD219094B4D0070FA26 /* Supporting Files */,
			);
			sourceTree = "<group>";
		};
		72C33FC919094B4D0070FA26 /* Products */ = {
			isa = PBXGroup;
			children = (
				72C33FC819094B4D0070FA26 /* 小微信贷.app */,
				72C33FE919094B4D0070FA26 /* XiaoWeiTests.xctest */,
			);
			name = Products;
			sourceTree = "<group>";
		};
		72C33FCA19094B4D0070FA26 /* Frameworks */ = {
			isa = PBXGroup;
			children = (
				72C33FCB19094B4D0070FA26 /* Foundation.framework */,
				72C33FCD19094B4D0070FA26 /* CoreGraphics.framework */,
				72C33FCF19094B4D0070FA26 /* UIKit.framework */,
				72C33FEA19094B4D0070FA26 /* XCTest.framework */,
			);
			name = Frameworks;
			sourceTree = "<group>";
		};
		72C33FD119094B4D0070FA26 /* XiaoWei */ = {
			isa = PBXGroup;
			children = (
				72C33FDA19094B4D0070FA26 /* XWAppDelegate.h */,
				72C33FDB19094B4D0070FA26 /* XWAppDelegate.m */,
				72C33FDD19094B4D0070FA26 /* Main.storyboard */,
				72CFE37D1972C4F200A0E31D /* MainPage.h */,
				72CFE37E1972C4FA00A0E31D /* MainPage.m */,
				72C33FE319094B4D0070FA26 /* Images.xcassets */,
			);
			path = XiaoWei;
			sourceTree = "<group>";
		};
		72C33FD219094B4D0070FA26 /* Supporting Files */ = {
			isa = PBXGroup;
			children = (
				72C33FD319094B4D0070FA26 /* XiaoWei-Info.plist */,
				72C33FD419094B4D0070FA26 /* InfoPlist.strings */,
				72C33FD719094B4D0070FA26 /* main.m */,
				72C33FD919094B4D0070FA26 /* XiaoWei-Prefix.pch */,
			);
			name = "Supporting Files";
			path = XiaoWei;
			sourceTree = "<group>";
		};
		72C33FF019094B4D0070FA26 /* XiaoWeiTests */ = {
			isa = PBXGroup;
			children = (
				72C33FF619094B4D0070FA26 /* XiaoWeiTests.m */,
				72C33FF119094B4D0070FA26 /* Supporting Files */,
			);
			path = XiaoWeiTests;
			sourceTree = "<group>";
		};
		72C33FF119094B4D0070FA26 /* Supporting Files */ = {
			isa = PBXGroup;
			children = (
				72C33FF219094B4D0070FA26 /* XiaoWeiTests-Info.plist */,
				72C33FF319094B4D0070FA26 /* InfoPlist.strings */,
			);
			name = "Supporting Files";
			sourceTree = "<group>";
		};
		72C34004190956230070FA26 /* images */ = {
			isa = PBXGroup;
			children = (
				72ED153D197FBAC50089B4DC /* bottom.png */,
				72ED153B197FBAA80089B4DC /* bottom-small.png */,
				72847E63197E6E4600CAFE39 /* main-message.png */,
				72847E64197E6E4600CAFE39 /* usericon.png */,
				72847E61197E6DDB00CAFE39 /* middle.jpg */,
				72847E49197E5F7200CAFE39 /* btn.png */,
				72847E4A197E5F7200CAFE39 /* middle-small.png */,
				72847E4B197E5F7200CAFE39 /* middle.png */,
				72CFE3701972AAEC00A0E31D /* button */,
				72207DCE19172690004A1F97 /* icon@2x.png */,
				72207DCC191722E7004A1F97 /* icon.png */,
			);
			name = images;
			path = XiaoWei;
			sourceTree = "<group>";
		};
		72C3402A190964D80070FA26 /* Resources */ = {
			isa = PBXGroup;
			children = (
				72C34004190956230070FA26 /* images */,
			);
			name = Resources;
			sourceTree = "<group>";
		};
		72CFE357197125A000A0E31D /* TOWebViewController */ = {
			isa = PBXGroup;
			children = (
				72CFE358197125A000A0E31D /* TOWebViewControllerLocalizable.strings */,
				72CFE35F197125A000A0E31D /* TOActivityChrome.h */,
				72CFE360197125A000A0E31D /* TOActivityChrome.m */,
				72CFE361197125A000A0E31D /* TOActivitySafari.h */,
				72CFE362197125A000A0E31D /* TOActivitySafari.m */,
				72CFE363197125A000A0E31D /* TOWebViewController.h */,
				72CFE364197125A000A0E31D /* TOWebViewController.m */,
				72CFE365197125A000A0E31D /* UIImage+TOWebViewControllerIcons.h */,
				72CFE366197125A000A0E31D /* UIImage+TOWebViewControllerIcons.m */,
			);
			path = TOWebViewController;
			sourceTree = "<group>";
		};
		72CFE3701972AAEC00A0E31D /* button */ = {
			isa = PBXGroup;
			children = (
				72847E39197E5F4700CAFE39 /* about.png */,
				72847E3A197E5F4700CAFE39 /* favorite.png */,
				72847E3B197E5F4700CAFE39 /* info.png */,
				72847E3C197E5F4700CAFE39 /* message.png */,
				72847E3D197E5F4700CAFE39 /* password.png */,
				72847E3E197E5F4700CAFE39 /* query.png */,
				72847E3F197E5F4700CAFE39 /* register.png */,
				72847E40197E5F4700CAFE39 /* share.png */,
			);
			name = button;
			sourceTree = "<group>";
		};
/* End PBXGroup section */

/* Begin PBXNativeTarget section */
		72C33FC719094B4D0070FA26 /* XiaoWei */ = {
			isa = PBXNativeTarget;
			buildConfigurationList = 72C33FFA19094B4D0070FA26 /* Build configuration list for PBXNativeTarget "XiaoWei" */;
			buildPhases = (
				72C33FC419094B4D0070FA26 /* Sources */,
				72C33FC519094B4D0070FA26 /* Frameworks */,
				72C33FC619094B4D0070FA26 /* Resources */,
			);
			buildRules = (
			);
			dependencies = (
			);
			name = XiaoWei;
			productName = XiaoWei;
			productReference = 72C33FC819094B4D0070FA26 /* 小微信贷.app */;
			productType = "com.apple.product-type.application";
		};
		72C33FE819094B4D0070FA26 /* XiaoWeiTests */ = {
			isa = PBXNativeTarget;
			buildConfigurationList = 72C33FFD19094B4D0070FA26 /* Build configuration list for PBXNativeTarget "XiaoWeiTests" */;
			buildPhases = (
				72C33FE519094B4D0070FA26 /* Sources */,
				72C33FE619094B4D0070FA26 /* Frameworks */,
				72C33FE719094B4D0070FA26 /* Resources */,
			);
			buildRules = (
			);
			dependencies = (
				72C33FEF19094B4D0070FA26 /* PBXTargetDependency */,
			);
			name = XiaoWeiTests;
			productName = XiaoWeiTests;
			productReference = 72C33FE919094B4D0070FA26 /* XiaoWeiTests.xctest */;
			productType = "com.apple.product-type.bundle.unit-test";
		};
/* End PBXNativeTarget section */

/* Begin PBXProject section */
		72C33FC019094B4D0070FA26 /* Project object */ = {
			isa = PBXProject;
			attributes = {
				CLASSPREFIX = XW;
				LastUpgradeCheck = 0500;
				ORGANIZATIONNAME = Tonknet;
				TargetAttributes = {
					72C33FC719094B4D0070FA26 = {
						DevelopmentTeam = 5P3F2E2WNS;
					};
					72C33FE819094B4D0070FA26 = {
						TestTargetID = 72C33FC719094B4D0070FA26;
					};
				};
			};
			buildConfigurationList = 72C33FC319094B4D0070FA26 /* Build configuration list for PBXProject "XiaoWei" */;
			compatibilityVersion = "Xcode 3.2";
			developmentRegion = English;
			hasScannedForEncodings = 0;
			knownRegions = (
				en,
				Base,
				de,
				es,
				ja,
				ko,
				pl,
				"zh-Hans",
				"zh-Hant",
			);
			mainGroup = 72C33FBF19094B4D0070FA26;
			productRefGroup = 72C33FC919094B4D0070FA26 /* Products */;
			projectDirPath = "";
			projectRoot = "";
			targets = (
				72C33FC719094B4D0070FA26 /* XiaoWei */,
				72C33FE819094B4D0070FA26 /* XiaoWeiTests */,
			);
		};
/* End PBXProject section */

/* Begin PBXResourcesBuildPhase section */
		72C33FC619094B4D0070FA26 /* Resources */ = {
			isa = PBXResourcesBuildPhase;
			buildActionMask = 2147483647;
			files = (
				72C33FE419094B4D0070FA26 /* Images.xcassets in Resources */,
				72CFE369197125A000A0E31D /* TOWebViewControllerLocalizable.strings in Resources */,
				72847E45197E5F4700CAFE39 /* password.png in Resources */,
				72847E42197E5F4700CAFE39 /* favorite.png in Resources */,
				72847E60197E63AA00CAFE39 /* NAMenuItemViewIP4.xib in Resources */,
				72AF64DC1934DDA2004FA986 /* XWSingleSelectionTableViewController.xib in Resources */,
				72847E62197E6DDB00CAFE39 /* middle.jpg in Resources */,
				72207DD719173069004A1F97 /* XWProductDetailViewController.xib in Resources */,
				725D189419287F7600B9CE31 /* XWMymessageDetailController.xib in Resources */,
				72207DCD191722E7004A1F97 /* icon.png in Resources */,
				72ED153E197FBAC50089B4DC /* bottom.png in Resources */,
				725D1885192307F500B9CE31 /* XWMyMessageController.xib in Resources */,
				72C33FD619094B4D0070FA26 /* InfoPlist.strings in Resources */,
				72AF64F21935A55A004FA986 /* XWNewinfoViewController.xib in Resources */,
				72CFE3861972DFEB00A0E31D /* XWLoginController.xib in Resources */,
				72847E4E197E5F7200CAFE39 /* middle.png in Resources */,
				72847E71197EB64200CAFE39 /* btn_close_selected@2x.png in Resources */,
				72847E4C197E5F7200CAFE39 /* btn.png in Resources */,
				72847E6E197EB64200CAFE39 /* btn_close_normal.png in Resources */,
				72CA6A6F192D01350041F728 /* XWRegisterController.xib in Resources */,
				72AF64E519359317004FA986 /* XWMyfavolistViewController.xib in Resources */,
				72847E47197E5F4700CAFE39 /* register.png in Resources */,
				72182AC3199CE91E003B5E89 /* XWBankListTableViewController.xib in Resources */,
				7219A2041916486A00A79E2F /* XWSearchProductResultViewController.xib in Resources */,
				7239A5FD190F94AD00F2004E /* XWGuarantSelectViewController.xib in Resources */,
				72847E46197E5F4700CAFE39 /* query.png in Resources */,
				72ED153C197FBAA80089B4DC /* bottom-small.png in Resources */,
				725D1880192109F700B9CE31 /* XWContactBankViewController.xib in Resources */,
				72AA4C6D1936255900A0B3FD /* XWChangePasswordViewController.xib in Resources */,
				72207DCF19172690004A1F97 /* icon@2x.png in Resources */,
				72847E4D197E5F7200CAFE39 /* middle-small.png in Resources */,
				72847E6F197EB64200CAFE39 /* btn_close_normal@2x.png in Resources */,
				72C33FDF19094B4D0070FA26 /* Main.storyboard in Resources */,
				72847E41197E5F4700CAFE39 /* about.png in Resources */,
				722C2B91190D71330019D715 /* XWSearchProductConditonViewController.xib in Resources */,
				72847E65197E6E4600CAFE39 /* main-message.png in Resources */,
				72847E70197EB64200CAFE39 /* btn_close_selected.png in Resources */,
				72847E48197E5F4700CAFE39 /* share.png in Resources */,
				72847E66197E6E4600CAFE39 /* usericon.png in Resources */,
				72AF64EA1935A2A9004FA986 /* XWAboutViewController.xib in Resources */,
				72847E33197E3BCC00CAFE39 /* NAMenuItemView.xib in Resources */,
				72847E43197E5F4700CAFE39 /* info.png in Resources */,
				72847E44197E5F4700CAFE39 /* message.png in Resources */,
			);
			runOnlyForDeploymentPostprocessing = 0;
		};
		72C33FE719094B4D0070FA26 /* Resources */ = {
			isa = PBXResourcesBuildPhase;
			buildActionMask = 2147483647;
			files = (
				72C33FF519094B4D0070FA26 /* InfoPlist.strings in Resources */,
			);
			runOnlyForDeploymentPostprocessing = 0;
		};
/* End PBXResourcesBuildPhase section */

/* Begin PBXSourcesBuildPhase section */
		72C33FC419094B4D0070FA26 /* Sources */ = {
			isa = PBXSourcesBuildPhase;
			buildActionMask = 2147483647;
			files = (
				72CA6A69192CEE990041F728 /* XWComanyResiterController.m in Sources */,
				72CFE36D197125A000A0E31D /* UIImage+TOWebViewControllerIcons.m in Sources */,
				72CFE36A197125A000A0E31D /* TOActivityChrome.m in Sources */,
				7239A5FC190F94AD00F2004E /* XWGuarantSelectViewController.m in Sources */,
				72207DD219172E8A004A1F97 /* XWProductDetail.m in Sources */,
				72847E72197EB64200CAFE39 /* DXAlertView.m in Sources */,
				725D189319287F7600B9CE31 /* XWMymessageDetailController.m in Sources */,
				72CFE37F1972C4FA00A0E31D /* MainPage.m in Sources */,
				72AF64DB1934DDA2004FA986 /* XWSingleSelectionTableViewController.m in Sources */,
				72AA4C6C1936255900A0B3FD /* XWChangePasswordViewController.m in Sources */,
				725D1884192307F500B9CE31 /* XWMyMessageController.m in Sources */,
				72847E31197E3BCC00CAFE39 /* NAMenuItem.m in Sources */,
				72B959EB1970F06A00688786 /* XWPersonResiterController.m in Sources */,
				72AF64E91935A2A9004FA986 /* XWAboutViewController.m in Sources */,
				72182AC2199CE91E003B5E89 /* XWBankListTableViewController.m in Sources */,
				72CFE36B197125A000A0E31D /* TOActivitySafari.m in Sources */,
				722C2B90190D71330019D715 /* XWSearchProductConditonViewController.m in Sources */,
				7219A2031916486A00A79E2F /* XWSearchProductResultViewController.m in Sources */,
				7238A363196BE8BB0021ED36 /* XWRegisterTabViewController.m in Sources */,
				72847E32197E3BCC00CAFE39 /* NAMenuItemView.m in Sources */,
				72C33FD819094B4D0070FA26 /* main.m in Sources */,
				72AF64E419359317004FA986 /* XWMyfavolistViewController.m in Sources */,
				722C2B96190EA4CF0019D715 /* PSTextField.m in Sources */,
				725D187F192109F700B9CE31 /* XWContactBankViewController.m in Sources */,
				722DC7BE196849EA0005F823 /* UnderlineUILabel.m in Sources */,
				72CFE36C197125A000A0E31D /* TOWebViewController.m in Sources */,
				72CA6A6E192D01350041F728 /* XWRegisterController.m in Sources */,
				725D188719230BD200B9CE31 /* XWMessageListItem.m in Sources */,
				72292D0D197A3666008F9BCA /* XWMyinfoTabViewController.m in Sources */,
				7239A601190FA77D00F2004E /* XWGuarantSelection.m in Sources */,
				72CFE3851972DFEB00A0E31D /* XWLoginController.m in Sources */,
				72AF64F11935A55A004FA986 /* XWNewinfoViewController.m in Sources */,
				72207DD619173069004A1F97 /* XWProductDetailViewController.m in Sources */,
				72C33FDC19094B4D0070FA26 /* XWAppDelegate.m in Sources */,
				7219A2071916499200A79E2F /* XWSearchResultItem.m in Sources */,
			);
			runOnlyForDeploymentPostprocessing = 0;
		};
		72C33FE519094B4D0070FA26 /* Sources */ = {
			isa = PBXSourcesBuildPhase;
			buildActionMask = 2147483647;
			files = (
				72C33FF719094B4D0070FA26 /* XiaoWeiTests.m in Sources */,
			);
			runOnlyForDeploymentPostprocessing = 0;
		};
/* End PBXSourcesBuildPhase section */

/* Begin PBXTargetDependency section */
		72C33FEF19094B4D0070FA26 /* PBXTargetDependency */ = {
			isa = PBXTargetDependency;
			target = 72C33FC719094B4D0070FA26 /* XiaoWei */;
			targetProxy = 72C33FEE19094B4D0070FA26 /* PBXContainerItemProxy */;
		};
/* End PBXTargetDependency section */

/* Begin PBXVariantGroup section */
		72C33FD419094B4D0070FA26 /* InfoPlist.strings */ = {
			isa = PBXVariantGroup;
			children = (
				72C33FD519094B4D0070FA26 /* en */,
			);
			name = InfoPlist.strings;
			sourceTree = "<group>";
		};
		72C33FDD19094B4D0070FA26 /* Main.storyboard */ = {
			isa = PBXVariantGroup;
			children = (
				72C33FDE19094B4D0070FA26 /* Base */,
			);
			name = Main.storyboard;
			sourceTree = "<group>";
		};
		72C33FF319094B4D0070FA26 /* InfoPlist.strings */ = {
			isa = PBXVariantGroup;
			children = (
				72C33FF419094B4D0070FA26 /* en */,
			);
			name = InfoPlist.strings;
			sourceTree = "<group>";
		};
		72CFE358197125A000A0E31D /* TOWebViewControllerLocalizable.strings */ = {
			isa = PBXVariantGroup;
			children = (
				72CFE359197125A000A0E31D /* de */,
				72CFE35A197125A000A0E31D /* en */,
				72CFE35B197125A000A0E31D /* es */,
				72CFE35C197125A000A0E31D /* ja */,
				72CFE35D197125A000A0E31D /* ko */,
				72CFE35E197125A000A0E31D /* pl */,
				72CFE367197125A000A0E31D /* zh-Hans */,
				72CFE368197125A000A0E31D /* zh-Hant */,
			);
			name = TOWebViewControllerLocalizable.strings;
			sourceTree = "<group>";
		};
/* End PBXVariantGroup section */

/* Begin XCBuildConfiguration section */
		72C33FF819094B4D0070FA26 /* Debug */ = {
			isa = XCBuildConfiguration;
			buildSettings = {
				ALWAYS_SEARCH_USER_PATHS = NO;
				CLANG_CXX_LANGUAGE_STANDARD = "gnu++0x";
				CLANG_CXX_LIBRARY = "libc++";
				CLANG_ENABLE_MODULES = YES;
				CLANG_ENABLE_OBJC_ARC = YES;
				CLANG_WARN_BOOL_CONVERSION = YES;
				CLANG_WARN_CONSTANT_CONVERSION = YES;
				CLANG_WARN_DIRECT_OBJC_ISA_USAGE = YES_ERROR;
				CLANG_WARN_EMPTY_BODY = YES;
				CLANG_WARN_ENUM_CONVERSION = YES;
				CLANG_WARN_INT_CONVERSION = YES;
				CLANG_WARN_OBJC_ROOT_CLASS = YES_ERROR;
				CLANG_WARN__DUPLICATE_METHOD_MATCH = YES;
				CODE_SIGN_IDENTITY = "iPhone Distribution: Shanghai Banking Association (5P3F2E2WNS)";
				"CODE_SIGN_IDENTITY[sdk=iphoneos*]" = "iPhone Distribution: Shanghai Banking Association (5P3F2E2WNS)";
				COPY_PHASE_STRIP = NO;
				GCC_C_LANGUAGE_STANDARD = gnu99;
				GCC_DYNAMIC_NO_PIC = NO;
				GCC_OPTIMIZATION_LEVEL = 0;
				GCC_PREPROCESSOR_DEFINITIONS = (
					"DEBUG=1",
					"$(inherited)",
				);
				GCC_SYMBOLS_PRIVATE_EXTERN = NO;
				GCC_WARN_64_TO_32_BIT_CONVERSION = YES;
				GCC_WARN_ABOUT_RETURN_TYPE = YES_ERROR;
				GCC_WARN_UNDECLARED_SELECTOR = YES;
				GCC_WARN_UNINITIALIZED_AUTOS = YES;
				GCC_WARN_UNUSED_FUNCTION = YES;
				GCC_WARN_UNUSED_VARIABLE = YES;
				IPHONEOS_DEPLOYMENT_TARGET = 7.0;
				ONLY_ACTIVE_ARCH = YES;
				PROVISIONING_PROFILE = "187626f6-dd30-42a7-9602-04536ecd1b0f";
				SDKROOT = iphoneos;
			};
			name = Debug;
		};
		72C33FF919094B4D0070FA26 /* Release */ = {
			isa = XCBuildConfiguration;
			buildSettings = {
				ALWAYS_SEARCH_USER_PATHS = NO;
				CLANG_CXX_LANGUAGE_STANDARD = "gnu++0x";
				CLANG_CXX_LIBRARY = "libc++";
				CLANG_ENABLE_MODULES = YES;
				CLANG_ENABLE_OBJC_ARC = YES;
				CLANG_WARN_BOOL_CONVERSION = YES;
				CLANG_WARN_CONSTANT_CONVERSION = YES;
				CLANG_WARN_DIRECT_OBJC_ISA_USAGE = YES_ERROR;
				CLANG_WARN_EMPTY_BODY = YES;
				CLANG_WARN_ENUM_CONVERSION = YES;
				CLANG_WARN_INT_CONVERSION = YES;
				CLANG_WARN_OBJC_ROOT_CLASS = YES_ERROR;
				CLANG_WARN__DUPLICATE_METHOD_MATCH = YES;
				CODE_SIGN_IDENTITY = "iPhone Distribution: Shanghai Banking Association (5P3F2E2WNS)";
				"CODE_SIGN_IDENTITY[sdk=iphoneos*]" = "iPhone Distribution: Shanghai Banking Association (5P3F2E2WNS)";
				COPY_PHASE_STRIP = YES;
				ENABLE_NS_ASSERTIONS = NO;
				GCC_C_LANGUAGE_STANDARD = gnu99;
				GCC_WARN_64_TO_32_BIT_CONVERSION = YES;
				GCC_WARN_ABOUT_RETURN_TYPE = YES_ERROR;
				GCC_WARN_UNDECLARED_SELECTOR = YES;
				GCC_WARN_UNINITIALIZED_AUTOS = YES;
				GCC_WARN_UNUSED_FUNCTION = YES;
				GCC_WARN_UNUSED_VARIABLE = YES;
				IPHONEOS_DEPLOYMENT_TARGET = 7.0;
				PROVISIONING_PROFILE = "187626f6-dd30-42a7-9602-04536ecd1b0f";
				SDKROOT = iphoneos;
				VALIDATE_PRODUCT = YES;
			};
			name = Release;
		};
		72C33FFB19094B4D0070FA26 /* Debug */ = {
			isa = XCBuildConfiguration;
			buildSettings = {
				ASSETCATALOG_COMPILER_APPICON_NAME = AppIcon;
				ASSETCATALOG_COMPILER_LAUNCHIMAGE_NAME = LaunchImage;
				CODE_SIGN_IDENTITY = "iPhone Distribution: Shanghai Banking Association (5P3F2E2WNS)";
				"CODE_SIGN_IDENTITY[sdk=iphoneos*]" = "iPhone Distribution: Shanghai Banking Association (5P3F2E2WNS)";
				GCC_PRECOMPILE_PREFIX_HEADER = YES;
				GCC_PREFIX_HEADER = "XiaoWei/XiaoWei-Prefix.pch";
				INFOPLIST_FILE = "XiaoWei/XiaoWei-Info.plist";
				IPHONEOS_DEPLOYMENT_TARGET = 7.0;
				LIBRARY_SEARCH_PATHS = (
					"$(inherited)",
					"$(PROJECT_DIR)/WeixinActivity/Resources",
				);
				PRODUCT_NAME = "小微信贷";
				PROVISIONING_PROFILE = "187626f6-dd30-42a7-9602-04536ecd1b0f";
				TARGETED_DEVICE_FAMILY = 1;
				WRAPPER_EXTENSION = app;
			};
			name = Debug;
		};
		72C33FFC19094B4D0070FA26 /* Release */ = {
			isa = XCBuildConfiguration;
			buildSettings = {
				ASSETCATALOG_COMPILER_APPICON_NAME = AppIcon;
				ASSETCATALOG_COMPILER_LAUNCHIMAGE_NAME = LaunchImage;
				CODE_SIGN_IDENTITY = "iPhone Distribution: Shanghai Banking Association (5P3F2E2WNS)";
				"CODE_SIGN_IDENTITY[sdk=iphoneos*]" = "iPhone Distribution: Shanghai Banking Association (5P3F2E2WNS)";
				GCC_PRECOMPILE_PREFIX_HEADER = YES;
				GCC_PREFIX_HEADER = "XiaoWei/XiaoWei-Prefix.pch";
				INFOPLIST_FILE = "XiaoWei/XiaoWei-Info.plist";
				IPHONEOS_DEPLOYMENT_TARGET = 7.0;
				LIBRARY_SEARCH_PATHS = (
					"$(inherited)",
					"$(PROJECT_DIR)/WeixinActivity/Resources",
				);
				PRODUCT_NAME = "小微信贷";
				PROVISIONING_PROFILE = "187626f6-dd30-42a7-9602-04536ecd1b0f";
				TARGETED_DEVICE_FAMILY = 1;
				WRAPPER_EXTENSION = app;
			};
			name = Release;
		};
		72C33FFE19094B4D0070FA26 /* Debug */ = {
			isa = XCBuildConfiguration;
			buildSettings = {
				BUNDLE_LOADER = "$(BUILT_PRODUCTS_DIR)/XiaoWei.app/XiaoWei";
				FRAMEWORK_SEARCH_PATHS = (
					"$(SDKROOT)/Developer/Library/Frameworks",
					"$(inherited)",
					"$(DEVELOPER_FRAMEWORKS_DIR)",
				);
				GCC_PRECOMPILE_PREFIX_HEADER = YES;
				GCC_PREFIX_HEADER = "XiaoWei/XiaoWei-Prefix.pch";
				GCC_PREPROCESSOR_DEFINITIONS = (
					"DEBUG=1",
					"$(inherited)",
				);
				INFOPLIST_FILE = "XiaoWeiTests/XiaoWeiTests-Info.plist";
				PRODUCT_NAME = "$(TARGET_NAME)";
				TEST_HOST = "$(BUNDLE_LOADER)";
				WRAPPER_EXTENSION = xctest;
			};
			name = Debug;
		};
		72C33FFF19094B4D0070FA26 /* Release */ = {
			isa = XCBuildConfiguration;
			buildSettings = {
				BUNDLE_LOADER = "$(BUILT_PRODUCTS_DIR)/XiaoWei.app/XiaoWei";
				FRAMEWORK_SEARCH_PATHS = (
					"$(SDKROOT)/Developer/Library/Frameworks",
					"$(inherited)",
					"$(DEVELOPER_FRAMEWORKS_DIR)",
				);
				GCC_PRECOMPILE_PREFIX_HEADER = YES;
				GCC_PREFIX_HEADER = "XiaoWei/XiaoWei-Prefix.pch";
				INFOPLIST_FILE = "XiaoWeiTests/XiaoWeiTests-Info.plist";
				PRODUCT_NAME = "$(TARGET_NAME)";
				TEST_HOST = "$(BUNDLE_LOADER)";
				WRAPPER_EXTENSION = xctest;
			};
			name = Release;
		};
/* End XCBuildConfiguration section */

/* Begin XCConfigurationList section */
		72C33FC319094B4D0070FA26 /* Build configuration list for PBXProject "XiaoWei" */ = {
			isa = XCConfigurationList;
			buildConfigurations = (
				72C33FF819094B4D0070FA26 /* Debug */,
				72C33FF919094B4D0070FA26 /* Release */,
			);
			defaultConfigurationIsVisible = 0;
			defaultConfigurationName = Release;
		};
		72C33FFA19094B4D0070FA26 /* Build configuration list for PBXNativeTarget "XiaoWei" */ = {
			isa = XCConfigurationList;
			buildConfigurations = (
				72C33FFB19094B4D0070FA26 /* Debug */,
				72C33FFC19094B4D0070FA26 /* Release */,
			);
			defaultConfigurationIsVisible = 0;
			defaultConfigurationName = Release;
		};
		72C33FFD19094B4D0070FA26 /* Build configuration list for PBXNativeTarget "XiaoWeiTests" */ = {
			isa = XCConfigurationList;
			buildConfigurations = (
				72C33FFE19094B4D0070FA26 /* Debug */,
				72C33FFF19094B4D0070FA26 /* Release */,
			);
			defaultConfigurationIsVisible = 0;
			defaultConfigurationName = Release;
		};
/* End XCConfigurationList section */
	};
	rootObject = 72C33FC019094B4D0070FA26 /* Project object */;
}
